
Microsoft Visual Studio Solution File, Format Version 12.00
# Visual Studio Version 18
VisualStudioVersion = 18.1.11312.151
MinimumVisualStudioVersion = 10.0.40219.1
Project("{FAE04EC0-301F-11D3-BF4B-00C04F79EFBC}") = "UsbDotNet", "src\UsbDotNet\UsbDotNet.csproj", "{2BFCEF75-FC95-20A3-297C-89F6360C570C}"
EndProject
Project("{FAE04EC0-301F-11D3-BF4B-00C04F79EFBC}") = "UsbDotNet.Tests", "tests\UsbDotNet.Tests\UsbDotNet.Tests.csproj", "{561B847C-1A7E-43CF-CCB5-2867863219F9}"
EndProject
Project("{2150E333-8FDC-42A3-9474-1A3956D46DE8}") = "Solution Items", "Solution Items", "{02EA681E-C7D8-13C7-8484-4AC65E1B71E8}"
	ProjectSection(SolutionItems) = preProject
		.editorconfig = .editorconfig
		.gitignore = .gitignore
		.github\workflows\build.yml = .github\workflows\build.yml
		.github\workflows\build_libusb_android.yml = .github\workflows\build_libusb_android.yml
		.github\workflows\build_libusb_mac.yml = .github\workflows\build_libusb_mac.yml
		Directory.Build.props = Directory.Build.props
		Directory.Packages.props = Directory.Packages.props
		global.json = global.json
		LICENSE = LICENSE
		LICENSE.libusb = LICENSE.libusb
		nuget.config = nuget.config
		README.md = README.md
	EndProjectSection
EndProject
Project("{2150E333-8FDC-42A3-9474-1A3956D46DE8}") = ".github", ".github", "{9D23C15C-5ADC-4D24-9206-198A26113684}"
EndProject
Project("{2150E333-8FDC-42A3-9474-1A3956D46DE8}") = ".config", ".config", "{9D9E1D3F-971F-4AD3-98E5-529A025D6332}"
	ProjectSection(SolutionItems) = preProject
		.config\dotnet-tools.json = .config\dotnet-tools.json
	EndProjectSection
EndProject
Project("{2150E333-8FDC-42A3-9474-1A3956D46DE8}") = "workflows", "workflows", "{FE4CADDB-7F7D-4F33-97C9-0A26FB877D18}"
	ProjectSection(SolutionItems) = preProject
		.github\workflows\build.yml = .github\workflows\build.yml
		.github\workflows\build_libusb_android.yml = .github\workflows\build_libusb_android.yml
		.github\workflows\build_libusb_mac.yml = .github\workflows\build_libusb_mac.yml
	EndProjectSection
EndProject
Project("{2150E333-8FDC-42A3-9474-1A3956D46DE8}") = "Tests", "Tests", "{D5E2E026-05AB-49B8-A8DB-5DFEF339FDE4}"
	ProjectSection(SolutionItems) = preProject
		tests\.editorconfig = tests\.editorconfig
	EndProjectSection
EndProject
Project("{FAE04EC0-301F-11D3-BF4B-00C04F79EFBC}") = "UsbDotNet.TestInfrastructure", "tests\UsbDotNet.TestInfrastructure\UsbDotNet.TestInfrastructure.csproj", "{64E48420-0663-5A0B-B8B8-AE0BD7A86331}"
EndProject
Project("{FAE04EC0-301F-11D3-BF4B-00C04F79EFBC}") = "UsbDotNet.Extensions", "src\UsbDotNet.Extensions\UsbDotNet.Extensions.csproj", "{4649657E-6654-98C9-F3A4-8B56F150DCFA}"
EndProject
Project("{FAE04EC0-301F-11D3-BF4B-00C04F79EFBC}") = "UsbDotNet.Extensions.Tests", "tests\UsbDotNet.Extensions.Tests\UsbDotNet.Extensions.Tests.csproj", "{F19006AF-68CB-11F3-E952-66050C8BD125}"
EndProject
Project("{2150E333-8FDC-42A3-9474-1A3956D46DE8}") = "Examples", "Examples", "{C4C3F697-DBEA-4E05-8593-C7C2972E1A37}"
EndProject
Project("{FAE04EC0-301F-11D3-BF4B-00C04F79EFBC}") = "UsbDotNet.LibUsbNative", "src\UsbDotNet.LibUsbNative\UsbDotNet.LibUsbNative.csproj", "{502429CD-6206-7674-EA55-4EC2793F91EA}"
EndProject
Project("{FAE04EC0-301F-11D3-BF4B-00C04F79EFBC}") = "UsbDotNet.LibUsbNative.Tests", "tests\UsbDotNet.LibUsbNative.Tests\UsbDotNet.LibUsbNative.Tests.csproj", "{7708B660-3B89-DCCD-62D1-DB0DC210BA5F}"
EndProject
Project("{FAE04EC0-301F-11D3-BF4B-00C04F79EFBC}") = "UsbDotNet.LibUsbNative.DeviceListToStringSample", "examples\UsbDotNet.LibUsbNative.DeviceListToStringSample\UsbDotNet.LibUsbNative.DeviceListToStringSample.csproj", "{55A88F4D-C933-85BD-92D3-A8B6B0D1CBC7}"
EndProject
Project("{FAE04EC0-301F-11D3-BF4B-00C04F79EFBC}") = "UsbDotNet.LibUsbNative.DeviceListToJsonSample", "examples\UsbDotNet.LibUsbNative.DeviceListToJsonSample\UsbDotNet.LibUsbNative.DeviceListToJsonSample.csproj", "{75A61D89-2A8F-D43C-DB4F-09858614C402}"
EndProject
Project("{FAE04EC0-301F-11D3-BF4B-00C04F79EFBC}") = "UsbDotNet.Core", "src\UsbDotNet.Core\UsbDotNet.Core.csproj", "{FC957597-AE2B-4F27-6EC6-DBBF5601A2DD}"
EndProject
Global
	GlobalSection(SolutionConfigurationPlatforms) = preSolution
		Debug|Any CPU = Debug|Any CPU
		Debug|arm64 = Debug|arm64
		Debug|x64 = Debug|x64
		Release|Any CPU = Release|Any CPU
		Release|arm64 = Release|arm64
		Release|x64 = Release|x64
	EndGlobalSection
	GlobalSection(ProjectConfigurationPlatforms) = postSolution
		{2BFCEF75-FC95-20A3-297C-89F6360C570C}.Debug|Any CPU.ActiveCfg = Debug|Any CPU
		{2BFCEF75-FC95-20A3-297C-89F6360C570C}.Debug|Any CPU.Build.0 = Debug|Any CPU
		{2BFCEF75-FC95-20A3-297C-89F6360C570C}.Debug|arm64.ActiveCfg = Debug|arm64
		{2BFCEF75-FC95-20A3-297C-89F6360C570C}.Debug|arm64.Build.0 = Debug|arm64
		{2BFCEF75-FC95-20A3-297C-89F6360C570C}.Debug|x64.ActiveCfg = Debug|x64
		{2BFCEF75-FC95-20A3-297C-89F6360C570C}.Debug|x64.Build.0 = Debug|x64
		{2BFCEF75-FC95-20A3-297C-89F6360C570C}.Release|Any CPU.ActiveCfg = Release|Any CPU
		{2BFCEF75-FC95-20A3-297C-89F6360C570C}.Release|Any CPU.Build.0 = Release|Any CPU
		{2BFCEF75-FC95-20A3-297C-89F6360C570C}.Release|arm64.ActiveCfg = Release|arm64
		{2BFCEF75-FC95-20A3-297C-89F6360C570C}.Release|arm64.Build.0 = Release|arm64
		{2BFCEF75-FC95-20A3-297C-89F6360C570C}.Release|x64.ActiveCfg = Release|x64
		{2BFCEF75-FC95-20A3-297C-89F6360C570C}.Release|x64.Build.0 = Release|x64
		{561B847C-1A7E-43CF-CCB5-2867863219F9}.Debug|Any CPU.ActiveCfg = Debug|Any CPU
		{561B847C-1A7E-43CF-CCB5-2867863219F9}.Debug|Any CPU.Build.0 = Debug|Any CPU
		{561B847C-1A7E-43CF-CCB5-2867863219F9}.Debug|arm64.ActiveCfg = Debug|arm64
		{561B847C-1A7E-43CF-CCB5-2867863219F9}.Debug|arm64.Build.0 = Debug|arm64
		{561B847C-1A7E-43CF-CCB5-2867863219F9}.Debug|x64.ActiveCfg = Debug|x64
		{561B847C-1A7E-43CF-CCB5-2867863219F9}.Debug|x64.Build.0 = Debug|x64
		{561B847C-1A7E-43CF-CCB5-2867863219F9}.Release|Any CPU.ActiveCfg = Release|Any CPU
		{561B847C-1A7E-43CF-CCB5-2867863219F9}.Release|Any CPU.Build.0 = Release|Any CPU
		{561B847C-1A7E-43CF-CCB5-2867863219F9}.Release|arm64.ActiveCfg = Release|arm64
		{561B847C-1A7E-43CF-CCB5-2867863219F9}.Release|arm64.Build.0 = Release|arm64
		{561B847C-1A7E-43CF-CCB5-2867863219F9}.Release|x64.ActiveCfg = Release|x64
		{561B847C-1A7E-43CF-CCB5-2867863219F9}.Release|x64.Build.0 = Release|x64
		{64E48420-0663-5A0B-B8B8-AE0BD7A86331}.Debug|Any CPU.ActiveCfg = Debug|Any CPU
		{64E48420-0663-5A0B-B8B8-AE0BD7A86331}.Debug|Any CPU.Build.0 = Debug|Any CPU
		{64E48420-0663-5A0B-B8B8-AE0BD7A86331}.Debug|arm64.ActiveCfg = Debug|arm64
		{64E48420-0663-5A0B-B8B8-AE0BD7A86331}.Debug|arm64.Build.0 = Debug|arm64
		{64E48420-0663-5A0B-B8B8-AE0BD7A86331}.Debug|x64.ActiveCfg = Debug|x64
		{64E48420-0663-5A0B-B8B8-AE0BD7A86331}.Debug|x64.Build.0 = Debug|x64
		{64E48420-0663-5A0B-B8B8-AE0BD7A86331}.Release|Any CPU.ActiveCfg = Release|Any CPU
		{64E48420-0663-5A0B-B8B8-AE0BD7A86331}.Release|Any CPU.Build.0 = Release|Any CPU
		{64E48420-0663-5A0B-B8B8-AE0BD7A86331}.Release|arm64.ActiveCfg = Release|arm64
		{64E48420-0663-5A0B-B8B8-AE0BD7A86331}.Release|arm64.Build.0 = Release|arm64
		{64E48420-0663-5A0B-B8B8-AE0BD7A86331}.Release|x64.ActiveCfg = Release|x64
		{64E48420-0663-5A0B-B8B8-AE0BD7A86331}.Release|x64.Build.0 = Release|x64
		{4649657E-6654-98C9-F3A4-8B56F150DCFA}.Debug|Any CPU.ActiveCfg = Debug|Any CPU
		{4649657E-6654-98C9-F3A4-8B56F150DCFA}.Debug|Any CPU.Build.0 = Debug|Any CPU
		{4649657E-6654-98C9-F3A4-8B56F150DCFA}.Debug|arm64.ActiveCfg = Debug|arm64
		{4649657E-6654-98C9-F3A4-8B56F150DCFA}.Debug|arm64.Build.0 = Debug|arm64
		{4649657E-6654-98C9-F3A4-8B56F150DCFA}.Debug|x64.ActiveCfg = Debug|x64
		{4649657E-6654-98C9-F3A4-8B56F150DCFA}.Debug|x64.Build.0 = Debug|x64
		{4649657E-6654-98C9-F3A4-8B56F150DCFA}.Release|Any CPU.ActiveCfg = Release|Any CPU
		{4649657E-6654-98C9-F3A4-8B56F150DCFA}.Release|Any CPU.Build.0 = Release|Any CPU
		{4649657E-6654-98C9-F3A4-8B56F150DCFA}.Release|arm64.ActiveCfg = Release|arm64
		{4649657E-6654-98C9-F3A4-8B56F150DCFA}.Release|arm64.Build.0 = Release|arm64
		{4649657E-6654-98C9-F3A4-8B56F150DCFA}.Release|x64.ActiveCfg = Release|x64
		{4649657E-6654-98C9-F3A4-8B56F150DCFA}.Release|x64.Build.0 = Release|x64
		{F19006AF-68CB-11F3-E952-66050C8BD125}.Debug|Any CPU.ActiveCfg = Debug|Any CPU
		{F19006AF-68CB-11F3-E952-66050C8BD125}.Debug|Any CPU.Build.0 = Debug|Any CPU
		{F19006AF-68CB-11F3-E952-66050C8BD125}.Debug|arm64.ActiveCfg = Debug|arm64
		{F19006AF-68CB-11F3-E952-66050C8BD125}.Debug|arm64.Build.0 = Debug|arm64
		{F19006AF-68CB-11F3-E952-66050C8BD125}.Debug|x64.ActiveCfg = Debug|x64
		{F19006AF-68CB-11F3-E952-66050C8BD125}.Debug|x64.Build.0 = Debug|x64
		{F19006AF-68CB-11F3-E952-66050C8BD125}.Release|Any CPU.ActiveCfg = Release|Any CPU
		{F19006AF-68CB-11F3-E952-66050C8BD125}.Release|Any CPU.Build.0 = Release|Any CPU
		{F19006AF-68CB-11F3-E952-66050C8BD125}.Release|arm64.ActiveCfg = Release|arm64
		{F19006AF-68CB-11F3-E952-66050C8BD125}.Release|arm64.Build.0 = Release|arm64
		{F19006AF-68CB-11F3-E952-66050C8BD125}.Release|x64.ActiveCfg = Release|x64
		{F19006AF-68CB-11F3-E952-66050C8BD125}.Release|x64.Build.0 = Release|x64
		{502429CD-6206-7674-EA55-4EC2793F91EA}.Debug|Any CPU.ActiveCfg = Debug|Any CPU
		{502429CD-6206-7674-EA55-4EC2793F91EA}.Debug|Any CPU.Build.0 = Debug|Any CPU
		{502429CD-6206-7674-EA55-4EC2793F91EA}.Debug|arm64.ActiveCfg = Debug|arm64
		{502429CD-6206-7674-EA55-4EC2793F91EA}.Debug|arm64.Build.0 = Debug|arm64
		{502429CD-6206-7674-EA55-4EC2793F91EA}.Debug|x64.ActiveCfg = Debug|x64
		{502429CD-6206-7674-EA55-4EC2793F91EA}.Debug|x64.Build.0 = Debug|x64
		{502429CD-6206-7674-EA55-4EC2793F91EA}.Release|Any CPU.ActiveCfg = Release|Any CPU
		{502429CD-6206-7674-EA55-4EC2793F91EA}.Release|Any CPU.Build.0 = Release|Any CPU
		{502429CD-6206-7674-EA55-4EC2793F91EA}.Release|arm64.ActiveCfg = Release|arm64
		{502429CD-6206-7674-EA55-4EC2793F91EA}.Release|arm64.Build.0 = Release|arm64
		{502429CD-6206-7674-EA55-4EC2793F91EA}.Release|x64.ActiveCfg = Release|x64
		{502429CD-6206-7674-EA55-4EC2793F91EA}.Release|x64.Build.0 = Release|x64
		{7708B660-3B89-DCCD-62D1-DB0DC210BA5F}.Debug|Any CPU.ActiveCfg = Debug|Any CPU
		{7708B660-3B89-DCCD-62D1-DB0DC210BA5F}.Debug|Any CPU.Build.0 = Debug|Any CPU
		{7708B660-3B89-DCCD-62D1-DB0DC210BA5F}.Debug|arm64.ActiveCfg = Debug|arm64
		{7708B660-3B89-DCCD-62D1-DB0DC210BA5F}.Debug|arm64.Build.0 = Debug|arm64
		{7708B660-3B89-DCCD-62D1-DB0DC210BA5F}.Debug|x64.ActiveCfg = Debug|x64
		{7708B660-3B89-DCCD-62D1-DB0DC210BA5F}.Debug|x64.Build.0 = Debug|x64
		{7708B660-3B89-DCCD-62D1-DB0DC210BA5F}.Release|Any CPU.ActiveCfg = Release|Any CPU
		{7708B660-3B89-DCCD-62D1-DB0DC210BA5F}.Release|Any CPU.Build.0 = Release|Any CPU
		{7708B660-3B89-DCCD-62D1-DB0DC210BA5F}.Release|arm64.ActiveCfg = Release|arm64
		{7708B660-3B89-DCCD-62D1-DB0DC210BA5F}.Release|arm64.Build.0 = Release|arm64
		{7708B660-3B89-DCCD-62D1-DB0DC210BA5F}.Release|x64.ActiveCfg = Release|x64
		{7708B660-3B89-DCCD-62D1-DB0DC210BA5F}.Release|x64.Build.0 = Release|x64
		{55A88F4D-C933-85BD-92D3-A8B6B0D1CBC7}.Debug|Any CPU.ActiveCfg = Debug|Any CPU
		{55A88F4D-C933-85BD-92D3-A8B6B0D1CBC7}.Debug|Any CPU.Build.0 = Debug|Any CPU
		{55A88F4D-C933-85BD-92D3-A8B6B0D1CBC7}.Debug|arm64.ActiveCfg = Debug|arm64
		{55A88F4D-C933-85BD-92D3-A8B6B0D1CBC7}.Debug|arm64.Build.0 = Debug|arm64
		{55A88F4D-C933-85BD-92D3-A8B6B0D1CBC7}.Debug|x64.ActiveCfg = Debug|x64
		{55A88F4D-C933-85BD-92D3-A8B6B0D1CBC7}.Debug|x64.Build.0 = Debug|x64
		{55A88F4D-C933-85BD-92D3-A8B6B0D1CBC7}.Release|Any CPU.ActiveCfg = Release|Any CPU
		{55A88F4D-C933-85BD-92D3-A8B6B0D1CBC7}.Release|Any CPU.Build.0 = Release|Any CPU
		{55A88F4D-C933-85BD-92D3-A8B6B0D1CBC7}.Release|arm64.ActiveCfg = Release|arm64
		{55A88F4D-C933-85BD-92D3-A8B6B0D1CBC7}.Release|arm64.Build.0 = Release|arm64
		{55A88F4D-C933-85BD-92D3-A8B6B0D1CBC7}.Release|x64.ActiveCfg = Release|x64
		{55A88F4D-C933-85BD-92D3-A8B6B0D1CBC7}.Release|x64.Build.0 = Release|x64
		{75A61D89-2A8F-D43C-DB4F-09858614C402}.Debug|Any CPU.ActiveCfg = Debug|Any CPU
		{75A61D89-2A8F-D43C-DB4F-09858614C402}.Debug|Any CPU.Build.0 = Debug|Any CPU
		{75A61D89-2A8F-D43C-DB4F-09858614C402}.Debug|arm64.ActiveCfg = Debug|arm64
		{75A61D89-2A8F-D43C-DB4F-09858614C402}.Debug|arm64.Build.0 = Debug|arm64
		{75A61D89-2A8F-D43C-DB4F-09858614C402}.Debug|x64.ActiveCfg = Debug|x64
		{75A61D89-2A8F-D43C-DB4F-09858614C402}.Debug|x64.Build.0 = Debug|x64
		{75A61D89-2A8F-D43C-DB4F-09858614C402}.Release|Any CPU.ActiveCfg = Release|Any CPU
		{75A61D89-2A8F-D43C-DB4F-09858614C402}.Release|Any CPU.Build.0 = Release|Any CPU
		{75A61D89-2A8F-D43C-DB4F-09858614C402}.Release|arm64.ActiveCfg = Release|arm64
		{75A61D89-2A8F-D43C-DB4F-09858614C402}.Release|arm64.Build.0 = Release|arm64
		{75A61D89-2A8F-D43C-DB4F-09858614C402}.Release|x64.ActiveCfg = Release|x64
		{75A61D89-2A8F-D43C-DB4F-09858614C402}.Release|x64.Build.0 = Release|x64
		{FC957597-AE2B-4F27-6EC6-DBBF5601A2DD}.Debug|Any CPU.ActiveCfg = Debug|Any CPU
		{FC957597-AE2B-4F27-6EC6-DBBF5601A2DD}.Debug|Any CPU.Build.0 = Debug|Any CPU
		{FC957597-AE2B-4F27-6EC6-DBBF5601A2DD}.Debug|arm64.ActiveCfg = Debug|arm64
		{FC957597-AE2B-4F27-6EC6-DBBF5601A2DD}.Debug|arm64.Build.0 = Debug|arm64
		{FC957597-AE2B-4F27-6EC6-DBBF5601A2DD}.Debug|x64.ActiveCfg = Debug|x64
		{FC957597-AE2B-4F27-6EC6-DBBF5601A2DD}.Debug|x64.Build.0 = Debug|x64
		{FC957597-AE2B-4F27-6EC6-DBBF5601A2DD}.Release|Any CPU.ActiveCfg = Release|Any CPU
		{FC957597-AE2B-4F27-6EC6-DBBF5601A2DD}.Release|Any CPU.Build.0 = Release|Any CPU
		{FC957597-AE2B-4F27-6EC6-DBBF5601A2DD}.Release|arm64.ActiveCfg = Release|arm64
		{FC957597-AE2B-4F27-6EC6-DBBF5601A2DD}.Release|arm64.Build.0 = Release|arm64
		{FC957597-AE2B-4F27-6EC6-DBBF5601A2DD}.Release|x64.ActiveCfg = Release|x64
		{FC957597-AE2B-4F27-6EC6-DBBF5601A2DD}.Release|x64.Build.0 = Release|x64
	EndGlobalSection
	GlobalSection(SolutionProperties) = preSolution
		HideSolutionNode = FALSE
	EndGlobalSection
	GlobalSection(NestedProjects) = preSolution
		{561B847C-1A7E-43CF-CCB5-2867863219F9} = {D5E2E026-05AB-49B8-A8DB-5DFEF339FDE4}
		{9D23C15C-5ADC-4D24-9206-198A26113684} = {02EA681E-C7D8-13C7-8484-4AC65E1B71E8}
		{9D9E1D3F-971F-4AD3-98E5-529A025D6332} = {02EA681E-C7D8-13C7-8484-4AC65E1B71E8}
		{FE4CADDB-7F7D-4F33-97C9-0A26FB877D18} = {9D23C15C-5ADC-4D24-9206-198A26113684}
		{64E48420-0663-5A0B-B8B8-AE0BD7A86331} = {D5E2E026-05AB-49B8-A8DB-5DFEF339FDE4}
		{F19006AF-68CB-11F3-E952-66050C8BD125} = {D5E2E026-05AB-49B8-A8DB-5DFEF339FDE4}
		{7708B660-3B89-DCCD-62D1-DB0DC210BA5F} = {D5E2E026-05AB-49B8-A8DB-5DFEF339FDE4}
		{55A88F4D-C933-85BD-92D3-A8B6B0D1CBC7} = {C4C3F697-DBEA-4E05-8593-C7C2972E1A37}
		{75A61D89-2A8F-D43C-DB4F-09858614C402} = {C4C3F697-DBEA-4E05-8593-C7C2972E1A37}
	EndGlobalSection
	GlobalSection(ExtensibilityGlobals) = postSolution
		SolutionGuid = {90DCAD80-DFC8-4E0E-8E33-E205541FCE94}
	EndGlobalSection
EndGlobal
